// !$*UTF8*$!
{
	archiveVersion = 1;
	classes = {
	};
	objectVersion = 54;
	objects = {

/* Begin PBXBuildFile section */
		00E356F31AD99517003FC87E /* manadoPostRevampTests.m in Sources */ = {isa = PBXBuildFile; fileRef = 00E356F21AD99517003FC87E /* manadoPostRevampTests.m */; };
		0C80B921A6F3F58F76C31292 /* libPods-manadoPostRevamp.a in Frameworks */ = {isa = PBXBuildFile; fileRef = 5DCACB8F33CDC322A6C60F78 /* libPods-manadoPostRevamp.a */; };
		13B07FBC1A68108700A75B9A /* AppDelegate.mm in Sources */ = {isa = PBXBuildFile; fileRef = 13B07FB01A68108700A75B9A /* AppDelegate.mm */; };
		13B07FBF1A68108700A75B9A /* Images.xcassets in Resources */ = {isa = PBXBuildFile; fileRef = 13B07FB51A68108700A75B9A /* Images.xcassets */; };
		13B07FC11A68108700A75B9A /* main.m in Sources */ = {isa = PBXBuildFile; fileRef = 13B07FB71A68108700A75B9A /* main.m */; };
		7699B88040F8A987B510C191 /* libPods-manadoPostRevamp-manadoPostRevampTests.a in Frameworks */ = {isa = PBXBuildFile; fileRef = 19F6CBCC0A4E27FBF8BF4A61 /* libPods-manadoPostRevamp-manadoPostRevampTests.a */; };
		81AB9BB82411601600AC10FF /* LaunchScreen.storyboard in Resources */ = {isa = PBXBuildFile; fileRef = 81AB9BB72411601600AC10FF /* LaunchScreen.storyboard */; };
		9BCA1B53E9AE42F59344013F /* Inter-Black.ttf in Resources */ = {isa = PBXBuildFile; fileRef = D8D84DE03A024C388F877E4E /* Inter-Black.ttf */; };
		920DF330785948999F86ED8B /* Inter-Bold.ttf in Resources */ = {isa = PBXBuildFile; fileRef = 07C1634CFCBF4F02835442D4 /* Inter-Bold.ttf */; };
		FB05350113CA464586C6613D /* Inter-ExtraBold.ttf in Resources */ = {isa = PBXBuildFile; fileRef = C120B5934AE54E49BA496445 /* Inter-ExtraBold.ttf */; };
		6D97D526715E41C99366CF00 /* Inter-ExtraLight.ttf in Resources */ = {isa = PBXBuildFile; fileRef = F83466FEA12843C2B9822FD0 /* Inter-ExtraLight.ttf */; };
		E22192BE09CC4C00AB84C4C1 /* Inter-Light.ttf in Resources */ = {isa = PBXBuildFile; fileRef = A76C013FEC8B4CF5873C74C4 /* Inter-Light.ttf */; };
		A96FDE06A46E4D3FACF4D1FE /* Inter-Medium.ttf in Resources */ = {isa = PBXBuildFile; fileRef = 2F30F724EFFA4331AAB1FD0E /* Inter-Medium.ttf */; };
		7D0F736857F2499FBC2C5FCA /* Inter-Regular.ttf in Resources */ = {isa = PBXBuildFile; fileRef = 5B524E76F357453181834FA9 /* Inter-Regular.ttf */; };
		A369330DFD5A4816989D98C8 /* Inter-SemiBold.ttf in Resources */ = {isa = PBXBuildFile; fileRef = D098099E881F4CF588DC21EE /* Inter-SemiBold.ttf */; };
		3F9D09C9CA5247AB944AA0CB /* Inter-Thin.ttf in Resources */ = {isa = PBXBuildFile; fileRef = 79F3A369D478486CBDB1C63D /* Inter-Thin.ttf */; };
		9921FC0266F246E48BAF147C /* NotoSerifGeorgian-Black.ttf in Resources */ = {isa = PBXBuildFile; fileRef = D04A291CF9804F7D8AE6B814 /* NotoSerifGeorgian-Black.ttf */; };
		A062E4FFB4164E0F9C68E995 /* NotoSerifGeorgian-Bold.ttf in Resources */ = {isa = PBXBuildFile; fileRef = ADE816F457CB4A47B8EE1C13 /* NotoSerifGeorgian-Bold.ttf */; };
		AAA6C83CF784402DBF62B8EF /* NotoSerifGeorgian-ExtraBold.ttf in Resources */ = {isa = PBXBuildFile; fileRef = 070BD70E507C4F94B4B39570 /* NotoSerifGeorgian-ExtraBold.ttf */; };
		C42C1717F8F34AB2953B9FA5 /* NotoSerifGeorgian-ExtraLight.ttf in Resources */ = {isa = PBXBuildFile; fileRef = E5B8C1B428F94095BB424885 /* NotoSerifGeorgian-ExtraLight.ttf */; };
		ECBAC882213A4AB6BCAFB0AC /* NotoSerifGeorgian-Light.ttf in Resources */ = {isa = PBXBuildFile; fileRef = 75943669C38E4B3FA269E9A8 /* NotoSerifGeorgian-Light.ttf */; };
		632F352BEC3649678596F65E /* NotoSerifGeorgian-Medium.ttf in Resources */ = {isa = PBXBuildFile; fileRef = 240E5AD63D864737B811DAB2 /* NotoSerifGeorgian-Medium.ttf */; };
		FF78C3E3D2874F1C95C130A2 /* NotoSerifGeorgian-Regular.ttf in Resources */ = {isa = PBXBuildFile; fileRef = 18E09FCDB48547A1AF9EA0CE /* NotoSerifGeorgian-Regular.ttf */; };
		27906A1590E94AE9943EFEC0 /* NotoSerifGeorgian-SemiBold.ttf in Resources */ = {isa = PBXBuildFile; fileRef = DEF9CAC9712246128638A449 /* NotoSerifGeorgian-SemiBold.ttf */; };
		2085B63ED4064D8A9EB97488 /* NotoSerifGeorgian-Thin.ttf in Resources */ = {isa = PBXBuildFile; fileRef = 3B13E4B56DE945D9A690F3CD /* NotoSerifGeorgian-Thin.ttf */; };
		B3354DDC1F6C499EB951C4CC /* NotoSerifGeorgian_Condensed-Black.ttf in Resources */ = {isa = PBXBuildFile; fileRef = E14DF4139A6747DCAFB2B5C6 /* NotoSerifGeorgian_Condensed-Black.ttf */; };
		0BA2104A75EC4B3BBE8C2C20 /* NotoSerifGeorgian_Condensed-Bold.ttf in Resources */ = {isa = PBXBuildFile; fileRef = 5408F74D7FF04DEBA6268828 /* NotoSerifGeorgian_Condensed-Bold.ttf */; };
		7DAABEBB018540F98A07A079 /* NotoSerifGeorgian_Condensed-ExtraBold.ttf in Resources */ = {isa = PBXBuildFile; fileRef = 997C4C94568B4D048374071B /* NotoSerifGeorgian_Condensed-ExtraBold.ttf */; };
		6E3DDBA7A4034394ABF8FE87 /* NotoSerifGeorgian_Condensed-ExtraLight.ttf in Resources */ = {isa = PBXBuildFile; fileRef = A1F576E41A2944FEB8490BF1 /* NotoSerifGeorgian_Condensed-ExtraLight.ttf */; };
		550D7D89520C4B41A37EDE99 /* NotoSerifGeorgian_Condensed-Light.ttf in Resources */ = {isa = PBXBuildFile; fileRef = 60451B7306B44280B1C6FD44 /* NotoSerifGeorgian_Condensed-Light.ttf */; };
		07DB23B013774746BB29401C /* NotoSerifGeorgian_Condensed-Medium.ttf in Resources */ = {isa = PBXBuildFile; fileRef = A137AF3BFA5C4174A7BDE83F /* NotoSerifGeorgian_Condensed-Medium.ttf */; };
		EB69A57D7D7948B882790BEB /* NotoSerifGeorgian_Condensed-Regular.ttf in Resources */ = {isa = PBXBuildFile; fileRef = 7002638B7B054E0B96EBD58F /* NotoSerifGeorgian_Condensed-Regular.ttf */; };
		C5B20BC425604048A339F274 /* NotoSerifGeorgian_Condensed-SemiBold.ttf in Resources */ = {isa = PBXBuildFile; fileRef = D0074558D30C4129AD1E7F93 /* NotoSerifGeorgian_Condensed-SemiBold.ttf */; };
		43BA60334268408F80DE239C /* NotoSerifGeorgian_Condensed-Thin.ttf in Resources */ = {isa = PBXBuildFile; fileRef = 91D711E83C5B41E5B353347C /* NotoSerifGeorgian_Condensed-Thin.ttf */; };
		AE190EA60BBA4425AC59692B /* NotoSerifGeorgian_ExtraCondensed-Black.ttf in Resources */ = {isa = PBXBuildFile; fileRef = B24B9653066F4C4D992EF774 /* NotoSerifGeorgian_ExtraCondensed-Black.ttf */; };
		D167094E932A4743AB03AD19 /* NotoSerifGeorgian_ExtraCondensed-Bold.ttf in Resources */ = {isa = PBXBuildFile; fileRef = 8D71D035522F4869ADEC5B50 /* NotoSerifGeorgian_ExtraCondensed-Bold.ttf */; };
		A2E53BC5CBF444E9B98FDB45 /* NotoSerifGeorgian_ExtraCondensed-ExtraBold.ttf in Resources */ = {isa = PBXBuildFile; fileRef = ACC0300A4598468E831EDBC8 /* NotoSerifGeorgian_ExtraCondensed-ExtraBold.ttf */; };
		F2BD76BDC6294EECAB322601 /* NotoSerifGeorgian_ExtraCondensed-ExtraLight.ttf in Resources */ = {isa = PBXBuildFile; fileRef = 629747EDA90C40AE82210420 /* NotoSerifGeorgian_ExtraCondensed-ExtraLight.ttf */; };
		A38A04A7F8D7488686E1038D /* NotoSerifGeorgian_ExtraCondensed-Light.ttf in Resources */ = {isa = PBXBuildFile; fileRef = D777BCB13B214833A1EE24BE /* NotoSerifGeorgian_ExtraCondensed-Light.ttf */; };
		CBB2E8E1A41840D7937055CF /* NotoSerifGeorgian_ExtraCondensed-Medium.ttf in Resources */ = {isa = PBXBuildFile; fileRef = 7E725F13B2484FA5AA217ACE /* NotoSerifGeorgian_ExtraCondensed-Medium.ttf */; };
		8EE5609E3EED49F3AA6BBDEE /* NotoSerifGeorgian_ExtraCondensed-Regular.ttf in Resources */ = {isa = PBXBuildFile; fileRef = E6B3C3F7C7C0472CB67DDABC /* NotoSerifGeorgian_ExtraCondensed-Regular.ttf */; };
		9ED44586E57C4924BE94E7D3 /* NotoSerifGeorgian_ExtraCondensed-SemiBold.ttf in Resources */ = {isa = PBXBuildFile; fileRef = 798B6807A075457A8BCFFB63 /* NotoSerifGeorgian_ExtraCondensed-SemiBold.ttf */; };
		D04AACC4DB0C4F24B54B8294 /* NotoSerifGeorgian_ExtraCondensed-Thin.ttf in Resources */ = {isa = PBXBuildFile; fileRef = 7FE560F547F14D4487DA6174 /* NotoSerifGeorgian_ExtraCondensed-Thin.ttf */; };
		A2E237FA73A34FDEA7AD05BC /* NotoSerifGeorgian_SemiCondensed-Black.ttf in Resources */ = {isa = PBXBuildFile; fileRef = 57E7CCFABC914573B6C771E1 /* NotoSerifGeorgian_SemiCondensed-Black.ttf */; };
		54A05CDDE5EB47C3B7131B7A /* NotoSerifGeorgian_SemiCondensed-Bold.ttf in Resources */ = {isa = PBXBuildFile; fileRef = 9BAD9A26E50A47669DB3AFD8 /* NotoSerifGeorgian_SemiCondensed-Bold.ttf */; };
		2BD49E50C5E6482D8C60FCEC /* NotoSerifGeorgian_SemiCondensed-ExtraBold.ttf in Resources */ = {isa = PBXBuildFile; fileRef = AC51B99F76BC48688BA2CF71 /* NotoSerifGeorgian_SemiCondensed-ExtraBold.ttf */; };
		7BB66C25FAF54A0C8A861C53 /* NotoSerifGeorgian_SemiCondensed-ExtraLight.ttf in Resources */ = {isa = PBXBuildFile; fileRef = B0589C7E84604FEEAA6BAECA /* NotoSerifGeorgian_SemiCondensed-ExtraLight.ttf */; };
		A76103EDECEB40BEADFD4C34 /* NotoSerifGeorgian_SemiCondensed-Light.ttf in Resources */ = {isa = PBXBuildFile; fileRef = 12B45D0DA2B8496B9DE3990F /* NotoSerifGeorgian_SemiCondensed-Light.ttf */; };
		414CAFF4013540ADB60F14E8 /* NotoSerifGeorgian_SemiCondensed-Medium.ttf in Resources */ = {isa = PBXBuildFile; fileRef = 3AACF9324A6C4A36967F3478 /* NotoSerifGeorgian_SemiCondensed-Medium.ttf */; };
		1057CB8F74EE4C9ABBA14D2E /* NotoSerifGeorgian_SemiCondensed-Regular.ttf in Resources */ = {isa = PBXBuildFile; fileRef = 8A490BB53040434E80C2B3A3 /* NotoSerifGeorgian_SemiCondensed-Regular.ttf */; };
		0EC2C03EE9144B39BA7412D2 /* NotoSerifGeorgian_SemiCondensed-SemiBold.ttf in Resources */ = {isa = PBXBuildFile; fileRef = EA28CFD68A884A898BDF742F /* NotoSerifGeorgian_SemiCondensed-SemiBold.ttf */; };
		DA870B5C681B401688CA4C7B /* NotoSerifGeorgian_SemiCondensed-Thin.ttf in Resources */ = {isa = PBXBuildFile; fileRef = 2F584331840448B4BFF26EF4 /* NotoSerifGeorgian_SemiCondensed-Thin.ttf */; };
/* End PBXBuildFile section */

/* Begin PBXContainerItemProxy section */
		00E356F41AD99517003FC87E /* PBXContainerItemProxy */ = {
			isa = PBXContainerItemProxy;
			containerPortal = 83CBB9F71A601CBA00E9B192 /* Project object */;
			proxyType = 1;
			remoteGlobalIDString = 13B07F861A680F5B00A75B9A;
			remoteInfo = manadoPostRevamp;
		};
/* End PBXContainerItemProxy section */

/* Begin PBXFileReference section */
		00E356EE1AD99517003FC87E /* manadoPostRevampTests.xctest */ = {isa = PBXFileReference; explicitFileType = wrapper.cfbundle; includeInIndex = 0; path = manadoPostRevampTests.xctest; sourceTree = BUILT_PRODUCTS_DIR; };
		00E356F11AD99517003FC87E /* Info.plist */ = {isa = PBXFileReference; lastKnownFileType = text.plist.xml; path = Info.plist; sourceTree = "<group>"; };
		13B07FB81A68108700A75B9A /* PrivacyInfo.xcprivacy */ = {isa = PBXFileReference; fileEncoding = 4; lastKnownFileType = text.plist.xml; name = PrivacyInfo.xcprivacy; path = RnDiffApp/PrivacyInfo.xcprivacy; sourceTree = "<group>"; };
		00E356F21AD99517003FC87E /* manadoPostRevampTests.m */ = {isa = PBXFileReference; lastKnownFileType = sourcecode.c.objc; path = manadoPostRevampTests.m; sourceTree = "<group>"; };
		13B07F961A680F5B00A75B9A /* manadoPostRevamp.app */ = {isa = PBXFileReference; explicitFileType = wrapper.application; includeInIndex = 0; path = manadoPostRevamp.app; sourceTree = BUILT_PRODUCTS_DIR; };
		13B07FAF1A68108700A75B9A /* AppDelegate.h */ = {isa = PBXFileReference; fileEncoding = 4; lastKnownFileType = sourcecode.c.h; name = AppDelegate.h; path = manadoPostRevamp/AppDelegate.h; sourceTree = "<group>"; };
		13B07FB01A68108700A75B9A /* AppDelegate.mm */ = {isa = PBXFileReference; fileEncoding = 4; lastKnownFileType = sourcecode.cpp.objcpp; name = AppDelegate.mm; path = manadoPostRevamp/AppDelegate.mm; sourceTree = "<group>"; };
		13B07FB51A68108700A75B9A /* Images.xcassets */ = {isa = PBXFileReference; lastKnownFileType = folder.assetcatalog; name = Images.xcassets; path = manadoPostRevamp/Images.xcassets; sourceTree = "<group>"; };
		13B07FB61A68108700A75B9A /* Info.plist */ = {isa = PBXFileReference; fileEncoding = 4; lastKnownFileType = text.plist.xml; name = Info.plist; path = manadoPostRevamp/Info.plist; sourceTree = "<group>"; };
		13B07FB71A68108700A75B9A /* main.m */ = {isa = PBXFileReference; fileEncoding = 4; lastKnownFileType = sourcecode.c.objc; name = main.m; path = manadoPostRevamp/main.m; sourceTree = "<group>"; };
		19F6CBCC0A4E27FBF8BF4A61 /* libPods-manadoPostRevamp-manadoPostRevampTests.a */ = {isa = PBXFileReference; explicitFileType = archive.ar; includeInIndex = 0; path = "libPods-manadoPostRevamp-manadoPostRevampTests.a"; sourceTree = BUILT_PRODUCTS_DIR; };
		3B4392A12AC88292D35C810B /* Pods-manadoPostRevamp.debug.xcconfig */ = {isa = PBXFileReference; includeInIndex = 1; lastKnownFileType = text.xcconfig; name = "Pods-manadoPostRevamp.debug.xcconfig"; path = "Target Support Files/Pods-manadoPostRevamp/Pods-manadoPostRevamp.debug.xcconfig"; sourceTree = "<group>"; };
		5709B34CF0A7D63546082F79 /* Pods-manadoPostRevamp.release.xcconfig */ = {isa = PBXFileReference; includeInIndex = 1; lastKnownFileType = text.xcconfig; name = "Pods-manadoPostRevamp.release.xcconfig"; path = "Target Support Files/Pods-manadoPostRevamp/Pods-manadoPostRevamp.release.xcconfig"; sourceTree = "<group>"; };
		5B7EB9410499542E8C5724F5 /* Pods-manadoPostRevamp-manadoPostRevampTests.debug.xcconfig */ = {isa = PBXFileReference; includeInIndex = 1; lastKnownFileType = text.xcconfig; name = "Pods-manadoPostRevamp-manadoPostRevampTests.debug.xcconfig"; path = "Target Support Files/Pods-manadoPostRevamp-manadoPostRevampTests/Pods-manadoPostRevamp-manadoPostRevampTests.debug.xcconfig"; sourceTree = "<group>"; };
		5DCACB8F33CDC322A6C60F78 /* libPods-manadoPostRevamp.a */ = {isa = PBXFileReference; explicitFileType = archive.ar; includeInIndex = 0; path = "libPods-manadoPostRevamp.a"; sourceTree = BUILT_PRODUCTS_DIR; };
		81AB9BB72411601600AC10FF /* LaunchScreen.storyboard */ = {isa = PBXFileReference; fileEncoding = 4; lastKnownFileType = file.storyboard; name = LaunchScreen.storyboard; path = manadoPostRevamp/LaunchScreen.storyboard; sourceTree = "<group>"; };
		89C6BE57DB24E9ADA2F236DE /* Pods-manadoPostRevamp-manadoPostRevampTests.release.xcconfig */ = {isa = PBXFileReference; includeInIndex = 1; lastKnownFileType = text.xcconfig; name = "Pods-manadoPostRevamp-manadoPostRevampTests.release.xcconfig"; path = "Target Support Files/Pods-manadoPostRevamp-manadoPostRevampTests/Pods-manadoPostRevamp-manadoPostRevampTests.release.xcconfig"; sourceTree = "<group>"; };
		ED297162215061F000B7C4FE /* JavaScriptCore.framework */ = {isa = PBXFileReference; lastKnownFileType = wrapper.framework; name = JavaScriptCore.framework; path = System/Library/Frameworks/JavaScriptCore.framework; sourceTree = SDKROOT; };
		D8D84DE03A024C388F877E4E /* Inter-Black.ttf */ = {isa = PBXFileReference; name = "Inter-Black.ttf"; path = "../src/assets/fonts/Inter/Inter-Black.ttf"; sourceTree = "<group>"; fileEncoding = undefined; lastKnownFileType = unknown; explicitFileType = undefined; includeInIndex = 0; };
		07C1634CFCBF4F02835442D4 /* Inter-Bold.ttf */ = {isa = PBXFileReference; name = "Inter-Bold.ttf"; path = "../src/assets/fonts/Inter/Inter-Bold.ttf"; sourceTree = "<group>"; fileEncoding = undefined; lastKnownFileType = unknown; explicitFileType = undefined; includeInIndex = 0; };
		C120B5934AE54E49BA496445 /* Inter-ExtraBold.ttf */ = {isa = PBXFileReference; name = "Inter-ExtraBold.ttf"; path = "../src/assets/fonts/Inter/Inter-ExtraBold.ttf"; sourceTree = "<group>"; fileEncoding = undefined; lastKnownFileType = unknown; explicitFileType = undefined; includeInIndex = 0; };
		F83466FEA12843C2B9822FD0 /* Inter-ExtraLight.ttf */ = {isa = PBXFileReference; name = "Inter-ExtraLight.ttf"; path = "../src/assets/fonts/Inter/Inter-ExtraLight.ttf"; sourceTree = "<group>"; fileEncoding = undefined; lastKnownFileType = unknown; explicitFileType = undefined; includeInIndex = 0; };
		A76C013FEC8B4CF5873C74C4 /* Inter-Light.ttf */ = {isa = PBXFileReference; name = "Inter-Light.ttf"; path = "../src/assets/fonts/Inter/Inter-Light.ttf"; sourceTree = "<group>"; fileEncoding = undefined; lastKnownFileType = unknown; explicitFileType = undefined; includeInIndex = 0; };
		2F30F724EFFA4331AAB1FD0E /* Inter-Medium.ttf */ = {isa = PBXFileReference; name = "Inter-Medium.ttf"; path = "../src/assets/fonts/Inter/Inter-Medium.ttf"; sourceTree = "<group>"; fileEncoding = undefined; lastKnownFileType = unknown; explicitFileType = undefined; includeInIndex = 0; };
		5B524E76F357453181834FA9 /* Inter-Regular.ttf */ = {isa = PBXFileReference; name = "Inter-Regular.ttf"; path = "../src/assets/fonts/Inter/Inter-Regular.ttf"; sourceTree = "<group>"; fileEncoding = undefined; lastKnownFileType = unknown; explicitFileType = undefined; includeInIndex = 0; };
		D098099E881F4CF588DC21EE /* Inter-SemiBold.ttf */ = {isa = PBXFileReference; name = "Inter-SemiBold.ttf"; path = "../src/assets/fonts/Inter/Inter-SemiBold.ttf"; sourceTree = "<group>"; fileEncoding = undefined; lastKnownFileType = unknown; explicitFileType = undefined; includeInIndex = 0; };
		79F3A369D478486CBDB1C63D /* Inter-Thin.ttf */ = {isa = PBXFileReference; name = "Inter-Thin.ttf"; path = "../src/assets/fonts/Inter/Inter-Thin.ttf"; sourceTree = "<group>"; fileEncoding = undefined; lastKnownFileType = unknown; explicitFileType = undefined; includeInIndex = 0; };
		D04A291CF9804F7D8AE6B814 /* NotoSerifGeorgian-Black.ttf */ = {isa = PBXFileReference; name = "NotoSerifGeorgian-Black.ttf"; path = "../src/assets/fonts/Georgia/NotoSerifGeorgian-Black.ttf"; sourceTree = "<group>"; fileEncoding = undefined; lastKnownFileType = unknown; explicitFileType = undefined; includeInIndex = 0; };
		ADE816F457CB4A47B8EE1C13 /* NotoSerifGeorgian-Bold.ttf */ = {isa = PBXFileReference; name = "NotoSerifGeorgian-Bold.ttf"; path = "../src/assets/fonts/Georgia/NotoSerifGeorgian-Bold.ttf"; sourceTree = "<group>"; fileEncoding = undefined; lastKnownFileType = unknown; explicitFileType = undefined; includeInIndex = 0; };
		070BD70E507C4F94B4B39570 /* NotoSerifGeorgian-ExtraBold.ttf */ = {isa = PBXFileReference; name = "NotoSerifGeorgian-ExtraBold.ttf"; path = "../src/assets/fonts/Georgia/NotoSerifGeorgian-ExtraBold.ttf"; sourceTree = "<group>"; fileEncoding = undefined; lastKnownFileType = unknown; explicitFileType = undefined; includeInIndex = 0; };
		E5B8C1B428F94095BB424885 /* NotoSerifGeorgian-ExtraLight.ttf */ = {isa = PBXFileReference; name = "NotoSerifGeorgian-ExtraLight.ttf"; path = "../src/assets/fonts/Georgia/NotoSerifGeorgian-ExtraLight.ttf"; sourceTree = "<group>"; fileEncoding = undefined; lastKnownFileType = unknown; explicitFileType = undefined; includeInIndex = 0; };
		75943669C38E4B3FA269E9A8 /* NotoSerifGeorgian-Light.ttf */ = {isa = PBXFileReference; name = "NotoSerifGeorgian-Light.ttf"; path = "../src/assets/fonts/Georgia/NotoSerifGeorgian-Light.ttf"; sourceTree = "<group>"; fileEncoding = undefined; lastKnownFileType = unknown; explicitFileType = undefined; includeInIndex = 0; };
		240E5AD63D864737B811DAB2 /* NotoSerifGeorgian-Medium.ttf */ = {isa = PBXFileReference; name = "NotoSerifGeorgian-Medium.ttf"; path = "../src/assets/fonts/Georgia/NotoSerifGeorgian-Medium.ttf"; sourceTree = "<group>"; fileEncoding = undefined; lastKnownFileType = unknown; explicitFileType = undefined; includeInIndex = 0; };
		18E09FCDB48547A1AF9EA0CE /* NotoSerifGeorgian-Regular.ttf */ = {isa = PBXFileReference; name = "NotoSerifGeorgian-Regular.ttf"; path = "../src/assets/fonts/Georgia/NotoSerifGeorgian-Regular.ttf"; sourceTree = "<group>"; fileEncoding = undefined; lastKnownFileType = unknown; explicitFileType = undefined; includeInIndex = 0; };
		DEF9CAC9712246128638A449 /* NotoSerifGeorgian-SemiBold.ttf */ = {isa = PBXFileReference; name = "NotoSerifGeorgian-SemiBold.ttf"; path = "../src/assets/fonts/Georgia/NotoSerifGeorgian-SemiBold.ttf"; sourceTree = "<group>"; fileEncoding = undefined; lastKnownFileType = unknown; explicitFileType = undefined; includeInIndex = 0; };
		3B13E4B56DE945D9A690F3CD /* NotoSerifGeorgian-Thin.ttf */ = {isa = PBXFileReference; name = "NotoSerifGeorgian-Thin.ttf"; path = "../src/assets/fonts/Georgia/NotoSerifGeorgian-Thin.ttf"; sourceTree = "<group>"; fileEncoding = undefined; lastKnownFileType = unknown; explicitFileType = undefined; includeInIndex = 0; };
		E14DF4139A6747DCAFB2B5C6 /* NotoSerifGeorgian_Condensed-Black.ttf */ = {isa = PBXFileReference; name = "NotoSerifGeorgian_Condensed-Black.ttf"; path = "../src/assets/fonts/Georgia/NotoSerifGeorgian_Condensed-Black.ttf"; sourceTree = "<group>"; fileEncoding = undefined; lastKnownFileType = unknown; explicitFileType = undefined; includeInIndex = 0; };
		5408F74D7FF04DEBA6268828 /* NotoSerifGeorgian_Condensed-Bold.ttf */ = {isa = PBXFileReference; name = "NotoSerifGeorgian_Condensed-Bold.ttf"; path = "../src/assets/fonts/Georgia/NotoSerifGeorgian_Condensed-Bold.ttf"; sourceTree = "<group>"; fileEncoding = undefined; lastKnownFileType = unknown; explicitFileType = undefined; includeInIndex = 0; };
		997C4C94568B4D048374071B /* NotoSerifGeorgian_Condensed-ExtraBold.ttf */ = {isa = PBXFileReference; name = "NotoSerifGeorgian_Condensed-ExtraBold.ttf"; path = "../src/assets/fonts/Georgia/NotoSerifGeorgian_Condensed-ExtraBold.ttf"; sourceTree = "<group>"; fileEncoding = undefined; lastKnownFileType = unknown; explicitFileType = undefined; includeInIndex = 0; };
		A1F576E41A2944FEB8490BF1 /* NotoSerifGeorgian_Condensed-ExtraLight.ttf */ = {isa = PBXFileReference; name = "NotoSerifGeorgian_Condensed-ExtraLight.ttf"; path = "../src/assets/fonts/Georgia/NotoSerifGeorgian_Condensed-ExtraLight.ttf"; sourceTree = "<group>"; fileEncoding = undefined; lastKnownFileType = unknown; explicitFileType = undefined; includeInIndex = 0; };
		60451B7306B44280B1C6FD44 /* NotoSerifGeorgian_Condensed-Light.ttf */ = {isa = PBXFileReference; name = "NotoSerifGeorgian_Condensed-Light.ttf"; path = "../src/assets/fonts/Georgia/NotoSerifGeorgian_Condensed-Light.ttf"; sourceTree = "<group>"; fileEncoding = undefined; lastKnownFileType = unknown; explicitFileType = undefined; includeInIndex = 0; };
		A137AF3BFA5C4174A7BDE83F /* NotoSerifGeorgian_Condensed-Medium.ttf */ = {isa = PBXFileReference; name = "NotoSerifGeorgian_Condensed-Medium.ttf"; path = "../src/assets/fonts/Georgia/NotoSerifGeorgian_Condensed-Medium.ttf"; sourceTree = "<group>"; fileEncoding = undefined; lastKnownFileType = unknown; explicitFileType = undefined; includeInIndex = 0; };
		7002638B7B054E0B96EBD58F /* NotoSerifGeorgian_Condensed-Regular.ttf */ = {isa = PBXFileReference; name = "NotoSerifGeorgian_Condensed-Regular.ttf"; path = "../src/assets/fonts/Georgia/NotoSerifGeorgian_Condensed-Regular.ttf"; sourceTree = "<group>"; fileEncoding = undefined; lastKnownFileType = unknown; explicitFileType = undefined; includeInIndex = 0; };
		D0074558D30C4129AD1E7F93 /* NotoSerifGeorgian_Condensed-SemiBold.ttf */ = {isa = PBXFileReference; name = "NotoSerifGeorgian_Condensed-SemiBold.ttf"; path = "../src/assets/fonts/Georgia/NotoSerifGeorgian_Condensed-SemiBold.ttf"; sourceTree = "<group>"; fileEncoding = undefined; lastKnownFileType = unknown; explicitFileType = undefined; includeInIndex = 0; };
		91D711E83C5B41E5B353347C /* NotoSerifGeorgian_Condensed-Thin.ttf */ = {isa = PBXFileReference; name = "NotoSerifGeorgian_Condensed-Thin.ttf"; path = "../src/assets/fonts/Georgia/NotoSerifGeorgian_Condensed-Thin.ttf"; sourceTree = "<group>"; fileEncoding = undefined; lastKnownFileType = unknown; explicitFileType = undefined; includeInIndex = 0; };
		B24B9653066F4C4D992EF774 /* NotoSerifGeorgian_ExtraCondensed-Black.ttf */ = {isa = PBXFileReference; name = "NotoSerifGeorgian_ExtraCondensed-Black.ttf"; path = "../src/assets/fonts/Georgia/NotoSerifGeorgian_ExtraCondensed-Black.ttf"; sourceTree = "<group>"; fileEncoding = undefined; lastKnownFileType = unknown; explicitFileType = undefined; includeInIndex = 0; };
		8D71D035522F4869ADEC5B50 /* NotoSerifGeorgian_ExtraCondensed-Bold.ttf */ = {isa = PBXFileReference; name = "NotoSerifGeorgian_ExtraCondensed-Bold.ttf"; path = "../src/assets/fonts/Georgia/NotoSerifGeorgian_ExtraCondensed-Bold.ttf"; sourceTree = "<group>"; fileEncoding = undefined; lastKnownFileType = unknown; explicitFileType = undefined; includeInIndex = 0; };
		ACC0300A4598468E831EDBC8 /* NotoSerifGeorgian_ExtraCondensed-ExtraBold.ttf */ = {isa = PBXFileReference; name = "NotoSerifGeorgian_ExtraCondensed-ExtraBold.ttf"; path = "../src/assets/fonts/Georgia/NotoSerifGeorgian_ExtraCondensed-ExtraBold.ttf"; sourceTree = "<group>"; fileEncoding = undefined; lastKnownFileType = unknown; explicitFileType = undefined; includeInIndex = 0; };
		629747EDA90C40AE82210420 /* NotoSerifGeorgian_ExtraCondensed-ExtraLight.ttf */ = {isa = PBXFileReference; name = "NotoSerifGeorgian_ExtraCondensed-ExtraLight.ttf"; path = "../src/assets/fonts/Georgia/NotoSerifGeorgian_ExtraCondensed-ExtraLight.ttf"; sourceTree = "<group>"; fileEncoding = undefined; lastKnownFileType = unknown; explicitFileType = undefined; includeInIndex = 0; };
		D777BCB13B214833A1EE24BE /* NotoSerifGeorgian_ExtraCondensed-Light.ttf */ = {isa = PBXFileReference; name = "NotoSerifGeorgian_ExtraCondensed-Light.ttf"; path = "../src/assets/fonts/Georgia/NotoSerifGeorgian_ExtraCondensed-Light.ttf"; sourceTree = "<group>"; fileEncoding = undefined; lastKnownFileType = unknown; explicitFileType = undefined; includeInIndex = 0; };
		7E725F13B2484FA5AA217ACE /* NotoSerifGeorgian_ExtraCondensed-Medium.ttf */ = {isa = PBXFileReference; name = "NotoSerifGeorgian_ExtraCondensed-Medium.ttf"; path = "../src/assets/fonts/Georgia/NotoSerifGeorgian_ExtraCondensed-Medium.ttf"; sourceTree = "<group>"; fileEncoding = undefined; lastKnownFileType = unknown; explicitFileType = undefined; includeInIndex = 0; };
		E6B3C3F7C7C0472CB67DDABC /* NotoSerifGeorgian_ExtraCondensed-Regular.ttf */ = {isa = PBXFileReference; name = "NotoSerifGeorgian_ExtraCondensed-Regular.ttf"; path = "../src/assets/fonts/Georgia/NotoSerifGeorgian_ExtraCondensed-Regular.ttf"; sourceTree = "<group>"; fileEncoding = undefined; lastKnownFileType = unknown; explicitFileType = undefined; includeInIndex = 0; };
		798B6807A075457A8BCFFB63 /* NotoSerifGeorgian_ExtraCondensed-SemiBold.ttf */ = {isa = PBXFileReference; name = "NotoSerifGeorgian_ExtraCondensed-SemiBold.ttf"; path = "../src/assets/fonts/Georgia/NotoSerifGeorgian_ExtraCondensed-SemiBold.ttf"; sourceTree = "<group>"; fileEncoding = undefined; lastKnownFileType = unknown; explicitFileType = undefined; includeInIndex = 0; };
		7FE560F547F14D4487DA6174 /* NotoSerifGeorgian_ExtraCondensed-Thin.ttf */ = {isa = PBXFileReference; name = "NotoSerifGeorgian_ExtraCondensed-Thin.ttf"; path = "../src/assets/fonts/Georgia/NotoSerifGeorgian_ExtraCondensed-Thin.ttf"; sourceTree = "<group>"; fileEncoding = undefined; lastKnownFileType = unknown; explicitFileType = undefined; includeInIndex = 0; };
		57E7CCFABC914573B6C771E1 /* NotoSerifGeorgian_SemiCondensed-Black.ttf */ = {isa = PBXFileReference; name = "NotoSerifGeorgian_SemiCondensed-Black.ttf"; path = "../src/assets/fonts/Georgia/NotoSerifGeorgian_SemiCondensed-Black.ttf"; sourceTree = "<group>"; fileEncoding = undefined; lastKnownFileType = unknown; explicitFileType = undefined; includeInIndex = 0; };
		9BAD9A26E50A47669DB3AFD8 /* NotoSerifGeorgian_SemiCondensed-Bold.ttf */ = {isa = PBXFileReference; name = "NotoSerifGeorgian_SemiCondensed-Bold.ttf"; path = "../src/assets/fonts/Georgia/NotoSerifGeorgian_SemiCondensed-Bold.ttf"; sourceTree = "<group>"; fileEncoding = undefined; lastKnownFileType = unknown; explicitFileType = undefined; includeInIndex = 0; };
		AC51B99F76BC48688BA2CF71 /* NotoSerifGeorgian_SemiCondensed-ExtraBold.ttf */ = {isa = PBXFileReference; name = "NotoSerifGeorgian_SemiCondensed-ExtraBold.ttf"; path = "../src/assets/fonts/Georgia/NotoSerifGeorgian_SemiCondensed-ExtraBold.ttf"; sourceTree = "<group>"; fileEncoding = undefined; lastKnownFileType = unknown; explicitFileType = undefined; includeInIndex = 0; };
		B0589C7E84604FEEAA6BAECA /* NotoSerifGeorgian_SemiCondensed-ExtraLight.ttf */ = {isa = PBXFileReference; name = "NotoSerifGeorgian_SemiCondensed-ExtraLight.ttf"; path = "../src/assets/fonts/Georgia/NotoSerifGeorgian_SemiCondensed-ExtraLight.ttf"; sourceTree = "<group>"; fileEncoding = undefined; lastKnownFileType = unknown; explicitFileType = undefined; includeInIndex = 0; };
		12B45D0DA2B8496B9DE3990F /* NotoSerifGeorgian_SemiCondensed-Light.ttf */ = {isa = PBXFileReference; name = "NotoSerifGeorgian_SemiCondensed-Light.ttf"; path = "../src/assets/fonts/Georgia/NotoSerifGeorgian_SemiCondensed-Light.ttf"; sourceTree = "<group>"; fileEncoding = undefined; lastKnownFileType = unknown; explicitFileType = undefined; includeInIndex = 0; };
		3AACF9324A6C4A36967F3478 /* NotoSerifGeorgian_SemiCondensed-Medium.ttf */ = {isa = PBXFileReference; name = "NotoSerifGeorgian_SemiCondensed-Medium.ttf"; path = "../src/assets/fonts/Georgia/NotoSerifGeorgian_SemiCondensed-Medium.ttf"; sourceTree = "<group>"; fileEncoding = undefined; lastKnownFileType = unknown; explicitFileType = undefined; includeInIndex = 0; };
		8A490BB53040434E80C2B3A3 /* NotoSerifGeorgian_SemiCondensed-Regular.ttf */ = {isa = PBXFileReference; name = "NotoSerifGeorgian_SemiCondensed-Regular.ttf"; path = "../src/assets/fonts/Georgia/NotoSerifGeorgian_SemiCondensed-Regular.ttf"; sourceTree = "<group>"; fileEncoding = undefined; lastKnownFileType = unknown; explicitFileType = undefined; includeInIndex = 0; };
		EA28CFD68A884A898BDF742F /* NotoSerifGeorgian_SemiCondensed-SemiBold.ttf */ = {isa = PBXFileReference; name = "NotoSerifGeorgian_SemiCondensed-SemiBold.ttf"; path = "../src/assets/fonts/Georgia/NotoSerifGeorgian_SemiCondensed-SemiBold.ttf"; sourceTree = "<group>"; fileEncoding = undefined; lastKnownFileType = unknown; explicitFileType = undefined; includeInIndex = 0; };
		2F584331840448B4BFF26EF4 /* NotoSerifGeorgian_SemiCondensed-Thin.ttf */ = {isa = PBXFileReference; name = "NotoSerifGeorgian_SemiCondensed-Thin.ttf"; path = "../src/assets/fonts/Georgia/NotoSerifGeorgian_SemiCondensed-Thin.ttf"; sourceTree = "<group>"; fileEncoding = undefined; lastKnownFileType = unknown; explicitFileType = undefined; includeInIndex = 0; };
/* End PBXFileReference section */

/* Begin PBXFrameworksBuildPhase section */
		00E356EB1AD99517003FC87E /* Frameworks */ = {
			isa = PBXFrameworksBuildPhase;
			buildActionMask = 2147483647;
			files = (
				7699B88040F8A987B510C191 /* libPods-manadoPostRevamp-manadoPostRevampTests.a in Frameworks */,
			);
			runOnlyForDeploymentPostprocessing = 0;
		};
		13B07F8C1A680F5B00A75B9A /* Frameworks */ = {
			isa = PBXFrameworksBuildPhase;
			buildActionMask = 2147483647;
			files = (
				0C80B921A6F3F58F76C31292 /* libPods-manadoPostRevamp.a in Frameworks */,
			);
			runOnlyForDeploymentPostprocessing = 0;
		};
/* End PBXFrameworksBuildPhase section */

/* Begin PBXGroup section */
		00E356EF1AD99517003FC87E /* manadoPostRevampTests */ = {
			isa = PBXGroup;
			children = (
				00E356F21AD99517003FC87E /* manadoPostRevampTests.m */,
				00E356F01AD99517003FC87E /* Supporting Files */,
			);
			path = manadoPostRevampTests;
			sourceTree = "<group>";
		};
		00E356F01AD99517003FC87E /* Supporting Files */ = {
			isa = PBXGroup;
			children = (
				00E356F11AD99517003FC87E /* Info.plist */,
			);
			name = "Supporting Files";
			sourceTree = "<group>";
		};
		13B07FAE1A68108700A75B9A /* manadoPostRevamp */ = {
			isa = PBXGroup;
			children = (
				13B07FAF1A68108700A75B9A /* AppDelegate.h */,
				13B07FB01A68108700A75B9A /* AppDelegate.mm */,
				13B07FB51A68108700A75B9A /* Images.xcassets */,
				13B07FB61A68108700A75B9A /* Info.plist */,
				81AB9BB72411601600AC10FF /* LaunchScreen.storyboard */,
				13B07FB71A68108700A75B9A /* main.m */,
				13B07FB81A68108700A75B9A /* PrivacyInfo.xcprivacy */,
			);
			name = manadoPostRevamp;
			sourceTree = "<group>";
		};
		2D16E6871FA4F8E400B85C8A /* Frameworks */ = {
			isa = PBXGroup;
			children = (
				ED297162215061F000B7C4FE /* JavaScriptCore.framework */,
				5DCACB8F33CDC322A6C60F78 /* libPods-manadoPostRevamp.a */,
				19F6CBCC0A4E27FBF8BF4A61 /* libPods-manadoPostRevamp-manadoPostRevampTests.a */,
			);
			name = Frameworks;
			sourceTree = "<group>";
		};
		832341AE1AAA6A7D00B99B32 /* Libraries */ = {
			isa = PBXGroup;
			children = (
			);
			name = Libraries;
			sourceTree = "<group>";
		};
		83CBB9F61A601CBA00E9B192 = {
			isa = PBXGroup;
			children = (
				13B07FAE1A68108700A75B9A /* manadoPostRevamp */,
				832341AE1AAA6A7D00B99B32 /* Libraries */,
				00E356EF1AD99517003FC87E /* manadoPostRevampTests */,
				83CBBA001A601CBA00E9B192 /* Products */,
				2D16E6871FA4F8E400B85C8A /* Frameworks */,
				BBD78D7AC51CEA395F1C20DB /* Pods */,
				D50F6D24B77E48C8BF3EF085 /* Resources */,
			);
			indentWidth = 2;
			sourceTree = "<group>";
			tabWidth = 2;
			usesTabs = 0;
		};
		83CBBA001A601CBA00E9B192 /* Products */ = {
			isa = PBXGroup;
			children = (
				13B07F961A680F5B00A75B9A /* manadoPostRevamp.app */,
				00E356EE1AD99517003FC87E /* manadoPostRevampTests.xctest */,
			);
			name = Products;
			sourceTree = "<group>";
		};
		BBD78D7AC51CEA395F1C20DB /* Pods */ = {
			isa = PBXGroup;
			children = (
				3B4392A12AC88292D35C810B /* Pods-manadoPostRevamp.debug.xcconfig */,
				5709B34CF0A7D63546082F79 /* Pods-manadoPostRevamp.release.xcconfig */,
				5B7EB9410499542E8C5724F5 /* Pods-manadoPostRevamp-manadoPostRevampTests.debug.xcconfig */,
				89C6BE57DB24E9ADA2F236DE /* Pods-manadoPostRevamp-manadoPostRevampTests.release.xcconfig */,
			);
			path = Pods;
			sourceTree = "<group>";
		};
		D50F6D24B77E48C8BF3EF085 /* Resources */ = {
			isa = "PBXGroup";
			children = (
				D8D84DE03A024C388F877E4E /* Inter-Black.ttf */,
				07C1634CFCBF4F02835442D4 /* Inter-Bold.ttf */,
				C120B5934AE54E49BA496445 /* Inter-ExtraBold.ttf */,
				F83466FEA12843C2B9822FD0 /* Inter-ExtraLight.ttf */,
				A76C013FEC8B4CF5873C74C4 /* Inter-Light.ttf */,
				2F30F724EFFA4331AAB1FD0E /* Inter-Medium.ttf */,
				5B524E76F357453181834FA9 /* Inter-Regular.ttf */,
				D098099E881F4CF588DC21EE /* Inter-SemiBold.ttf */,
				79F3A369D478486CBDB1C63D /* Inter-Thin.ttf */,
				D04A291CF9804F7D8AE6B814 /* NotoSerifGeorgian-Black.ttf */,
				ADE816F457CB4A47B8EE1C13 /* NotoSerifGeorgian-Bold.ttf */,
				070BD70E507C4F94B4B39570 /* NotoSerifGeorgian-ExtraBold.ttf */,
				E5B8C1B428F94095BB424885 /* NotoSerifGeorgian-ExtraLight.ttf */,
				75943669C38E4B3FA269E9A8 /* NotoSerifGeorgian-Light.ttf */,
				240E5AD63D864737B811DAB2 /* NotoSerifGeorgian-Medium.ttf */,
				18E09FCDB48547A1AF9EA0CE /* NotoSerifGeorgian-Regular.ttf */,
				DEF9CAC9712246128638A449 /* NotoSerifGeorgian-SemiBold.ttf */,
				3B13E4B56DE945D9A690F3CD /* NotoSerifGeorgian-Thin.ttf */,
				E14DF4139A6747DCAFB2B5C6 /* NotoSerifGeorgian_Condensed-Black.ttf */,
				5408F74D7FF04DEBA6268828 /* NotoSerifGeorgian_Condensed-Bold.ttf */,
				997C4C94568B4D048374071B /* NotoSerifGeorgian_Condensed-ExtraBold.ttf */,
				A1F576E41A2944FEB8490BF1 /* NotoSerifGeorgian_Condensed-ExtraLight.ttf */,
				60451B7306B44280B1C6FD44 /* NotoSerifGeorgian_Condensed-Light.ttf */,
				A137AF3BFA5C4174A7BDE83F /* NotoSerifGeorgian_Condensed-Medium.ttf */,
				7002638B7B054E0B96EBD58F /* NotoSerifGeorgian_Condensed-Regular.ttf */,
				D0074558D30C4129AD1E7F93 /* NotoSerifGeorgian_Condensed-SemiBold.ttf */,
				91D711E83C5B41E5B353347C /* NotoSerifGeorgian_Condensed-Thin.ttf */,
				B24B9653066F4C4D992EF774 /* NotoSerifGeorgian_ExtraCondensed-Black.ttf */,
				8D71D035522F4869ADEC5B50 /* NotoSerifGeorgian_ExtraCondensed-Bold.ttf */,
				ACC0300A4598468E831EDBC8 /* NotoSerifGeorgian_ExtraCondensed-ExtraBold.ttf */,
				629747EDA90C40AE82210420 /* NotoSerifGeorgian_ExtraCondensed-ExtraLight.ttf */,
				D777BCB13B214833A1EE24BE /* NotoSerifGeorgian_ExtraCondensed-Light.ttf */,
				7E725F13B2484FA5AA217ACE /* NotoSerifGeorgian_ExtraCondensed-Medium.ttf */,
				E6B3C3F7C7C0472CB67DDABC /* NotoSerifGeorgian_ExtraCondensed-Regular.ttf */,
				798B6807A075457A8BCFFB63 /* NotoSerifGeorgian_ExtraCondensed-SemiBold.ttf */,
				7FE560F547F14D4487DA6174 /* NotoSerifGeorgian_ExtraCondensed-Thin.ttf */,
				57E7CCFABC914573B6C771E1 /* NotoSerifGeorgian_SemiCondensed-Black.ttf */,
				9BAD9A26E50A47669DB3AFD8 /* NotoSerifGeorgian_SemiCondensed-Bold.ttf */,
				AC51B99F76BC48688BA2CF71 /* NotoSerifGeorgian_SemiCondensed-ExtraBold.ttf */,
				B0589C7E84604FEEAA6BAECA /* NotoSerifGeorgian_SemiCondensed-ExtraLight.ttf */,
				12B45D0DA2B8496B9DE3990F /* NotoSerifGeorgian_SemiCondensed-Light.ttf */,
				3AACF9324A6C4A36967F3478 /* NotoSerifGeorgian_SemiCondensed-Medium.ttf */,
				8A490BB53040434E80C2B3A3 /* NotoSerifGeorgian_SemiCondensed-Regular.ttf */,
				EA28CFD68A884A898BDF742F /* NotoSerifGeorgian_SemiCondensed-SemiBold.ttf */,
				2F584331840448B4BFF26EF4 /* NotoSerifGeorgian_SemiCondensed-Thin.ttf */,
			);
			name = Resources;
			sourceTree = "<group>";
			path = "";
		};
/* End PBXGroup section */

/* Begin PBXNativeTarget section */
		00E356ED1AD99517003FC87E /* manadoPostRevampTests */ = {
			isa = PBXNativeTarget;
			buildConfigurationList = 00E357021AD99517003FC87E /* Build configuration list for PBXNativeTarget "manadoPostRevampTests" */;
			buildPhases = (
				A55EABD7B0C7F3A422A6CC61 /* [CP] Check Pods Manifest.lock */,
				00E356EA1AD99517003FC87E /* Sources */,
				00E356EB1AD99517003FC87E /* Frameworks */,
				00E356EC1AD99517003FC87E /* Resources */,
				C59DA0FBD6956966B86A3779 /* [CP] Embed Pods Frameworks */,
				F6A41C54EA430FDDC6A6ED99 /* [CP] Copy Pods Resources */,
			);
			buildRules = (
			);
			dependencies = (
				00E356F51AD99517003FC87E /* PBXTargetDependency */,
			);
			name = manadoPostRevampTests;
			productName = manadoPostRevampTests;
			productReference = 00E356EE1AD99517003FC87E /* manadoPostRevampTests.xctest */;
			productType = "com.apple.product-type.bundle.unit-test";
		};
		13B07F861A680F5B00A75B9A /* manadoPostRevamp */ = {
			isa = PBXNativeTarget;
			buildConfigurationList = 13B07F931A680F5B00A75B9A /* Build configuration list for PBXNativeTarget "manadoPostRevamp" */;
			buildPhases = (
				C38B50BA6285516D6DCD4F65 /* [CP] Check Pods Manifest.lock */,
				13B07F871A680F5B00A75B9A /* Sources */,
				13B07F8C1A680F5B00A75B9A /* Frameworks */,
				13B07F8E1A680F5B00A75B9A /* Resources */,
				00DD1BFF1BD5951E006B06BC /* Bundle React Native code and images */,
				00EEFC60759A1932668264C0 /* [CP] Embed Pods Frameworks */,
				E235C05ADACE081382539298 /* [CP] Copy Pods Resources */,
			);
			buildRules = (
			);
			dependencies = (
			);
			name = manadoPostRevamp;
			productName = manadoPostRevamp;
			productReference = 13B07F961A680F5B00A75B9A /* manadoPostRevamp.app */;
			productType = "com.apple.product-type.application";
		};
/* End PBXNativeTarget section */

/* Begin PBXProject section */
		83CBB9F71A601CBA00E9B192 /* Project object */ = {
			isa = PBXProject;
			attributes = {
				LastUpgradeCheck = 1210;
				TargetAttributes = {
					00E356ED1AD99517003FC87E = {
						CreatedOnToolsVersion = 6.2;
						TestTargetID = 13B07F861A680F5B00A75B9A;
					};
					13B07F861A680F5B00A75B9A = {
						LastSwiftMigration = 1120;
					};
				};
			};
			buildConfigurationList = 83CBB9FA1A601CBA00E9B192 /* Build configuration list for PBXProject "manadoPostRevamp" */;
			compatibilityVersion = "Xcode 12.0";
			developmentRegion = en;
			hasScannedForEncodings = 0;
			knownRegions = (
				en,
				Base,
			);
			mainGroup = 83CBB9F61A601CBA00E9B192;
			productRefGroup = 83CBBA001A601CBA00E9B192 /* Products */;
			projectDirPath = "";
			projectRoot = "";
			targets = (
				13B07F861A680F5B00A75B9A /* manadoPostRevamp */,
				00E356ED1AD99517003FC87E /* manadoPostRevampTests */,
			);
		};
/* End PBXProject section */

/* Begin PBXResourcesBuildPhase section */
		00E356EC1AD99517003FC87E /* Resources */ = {
			isa = PBXResourcesBuildPhase;
			buildActionMask = 2147483647;
			files = (
			);
			runOnlyForDeploymentPostprocessing = 0;
		};
		13B07F8E1A680F5B00A75B9A /* Resources */ = {
			isa = PBXResourcesBuildPhase;
			buildActionMask = 2147483647;
			files = (
				81AB9BB82411601600AC10FF /* LaunchScreen.storyboard in Resources */,
				13B07FBF1A68108700A75B9A /* Images.xcassets in Resources */,
				9BCA1B53E9AE42F59344013F /* Inter-Black.ttf in Resources */,
				920DF330785948999F86ED8B /* Inter-Bold.ttf in Resources */,
				FB05350113CA464586C6613D /* Inter-ExtraBold.ttf in Resources */,
				6D97D526715E41C99366CF00 /* Inter-ExtraLight.ttf in Resources */,
				E22192BE09CC4C00AB84C4C1 /* Inter-Light.ttf in Resources */,
				A96FDE06A46E4D3FACF4D1FE /* Inter-Medium.ttf in Resources */,
				7D0F736857F2499FBC2C5FCA /* Inter-Regular.ttf in Resources */,
				A369330DFD5A4816989D98C8 /* Inter-SemiBold.ttf in Resources */,
				3F9D09C9CA5247AB944AA0CB /* Inter-Thin.ttf in Resources */,
				9921FC0266F246E48BAF147C /* NotoSerifGeorgian-Black.ttf in Resources */,
				A062E4FFB4164E0F9C68E995 /* NotoSerifGeorgian-Bold.ttf in Resources */,
				AAA6C83CF784402DBF62B8EF /* NotoSerifGeorgian-ExtraBold.ttf in Resources */,
				C42C1717F8F34AB2953B9FA5 /* NotoSerifGeorgian-ExtraLight.ttf in Resources */,
				ECBAC882213A4AB6BCAFB0AC /* NotoSerifGeorgian-Light.ttf in Resources */,
				632F352BEC3649678596F65E /* NotoSerifGeorgian-Medium.ttf in Resources */,
				FF78C3E3D2874F1C95C130A2 /* NotoSerifGeorgian-Regular.ttf in Resources */,
				27906A1590E94AE9943EFEC0 /* NotoSerifGeorgian-SemiBold.ttf in Resources */,
				2085B63ED4064D8A9EB97488 /* NotoSerifGeorgian-Thin.ttf in Resources */,
				B3354DDC1F6C499EB951C4CC /* NotoSerifGeorgian_Condensed-Black.ttf in Resources */,
				0BA2104A75EC4B3BBE8C2C20 /* NotoSerifGeorgian_Condensed-Bold.ttf in Resources */,
				7DAABEBB018540F98A07A079 /* NotoSerifGeorgian_Condensed-ExtraBold.ttf in Resources */,
				6E3DDBA7A4034394ABF8FE87 /* NotoSerifGeorgian_Condensed-ExtraLight.ttf in Resources */,
				550D7D89520C4B41A37EDE99 /* NotoSerifGeorgian_Condensed-Light.ttf in Resources */,
				07DB23B013774746BB29401C /* NotoSerifGeorgian_Condensed-Medium.ttf in Resources */,
				EB69A57D7D7948B882790BEB /* NotoSerifGeorgian_Condensed-Regular.ttf in Resources */,
				C5B20BC425604048A339F274 /* NotoSerifGeorgian_Condensed-SemiBold.ttf in Resources */,
				43BA60334268408F80DE239C /* NotoSerifGeorgian_Condensed-Thin.ttf in Resources */,
				AE190EA60BBA4425AC59692B /* NotoSerifGeorgian_ExtraCondensed-Black.ttf in Resources */,
				D167094E932A4743AB03AD19 /* NotoSerifGeorgian_ExtraCondensed-Bold.ttf in Resources */,
				A2E53BC5CBF444E9B98FDB45 /* NotoSerifGeorgian_ExtraCondensed-ExtraBold.ttf in Resources */,
				F2BD76BDC6294EECAB322601 /* NotoSerifGeorgian_ExtraCondensed-ExtraLight.ttf in Resources */,
				A38A04A7F8D7488686E1038D /* NotoSerifGeorgian_ExtraCondensed-Light.ttf in Resources */,
				CBB2E8E1A41840D7937055CF /* NotoSerifGeorgian_ExtraCondensed-Medium.ttf in Resources */,
				8EE5609E3EED49F3AA6BBDEE /* NotoSerifGeorgian_ExtraCondensed-Regular.ttf in Resources */,
				9ED44586E57C4924BE94E7D3 /* NotoSerifGeorgian_ExtraCondensed-SemiBold.ttf in Resources */,
				D04AACC4DB0C4F24B54B8294 /* NotoSerifGeorgian_ExtraCondensed-Thin.ttf in Resources */,
				A2E237FA73A34FDEA7AD05BC /* NotoSerifGeorgian_SemiCondensed-Black.ttf in Resources */,
				54A05CDDE5EB47C3B7131B7A /* NotoSerifGeorgian_SemiCondensed-Bold.ttf in Resources */,
				2BD49E50C5E6482D8C60FCEC /* NotoSerifGeorgian_SemiCondensed-ExtraBold.ttf in Resources */,
				7BB66C25FAF54A0C8A861C53 /* NotoSerifGeorgian_SemiCondensed-ExtraLight.ttf in Resources */,
				A76103EDECEB40BEADFD4C34 /* NotoSerifGeorgian_SemiCondensed-Light.ttf in Resources */,
				414CAFF4013540ADB60F14E8 /* NotoSerifGeorgian_SemiCondensed-Medium.ttf in Resources */,
				1057CB8F74EE4C9ABBA14D2E /* NotoSerifGeorgian_SemiCondensed-Regular.ttf in Resources */,
				0EC2C03EE9144B39BA7412D2 /* NotoSerifGeorgian_SemiCondensed-SemiBold.ttf in Resources */,
				DA870B5C681B401688CA4C7B /* NotoSerifGeorgian_SemiCondensed-Thin.ttf in Resources */,
			);
			runOnlyForDeploymentPostprocessing = 0;
		};
/* End PBXResourcesBuildPhase section */

/* Begin PBXShellScriptBuildPhase section */
		00DD1BFF1BD5951E006B06BC /* Bundle React Native code and images */ = {
			isa = PBXShellScriptBuildPhase;
			buildActionMask = 2147483647;
			files = (
			);
			inputPaths = (
				"$(SRCROOT)/.xcode.env.local",
				"$(SRCROOT)/.xcode.env",
			);
			name = "Bundle React Native code and images";
			outputPaths = (
			);
			runOnlyForDeploymentPostprocessing = 0;
			shellPath = /bin/sh;
			shellScript = "set -e\n\nWITH_ENVIRONMENT=\"$REACT_NATIVE_PATH/scripts/xcode/with-environment.sh\"\nREACT_NATIVE_XCODE=\"$REACT_NATIVE_PATH/scripts/react-native-xcode.sh\"\n\n/bin/sh -c \"$WITH_ENVIRONMENT $REACT_NATIVE_XCODE\"\n";
		};
		00EEFC60759A1932668264C0 /* [CP] Embed Pods Frameworks */ = {
			isa = PBXShellScriptBuildPhase;
			buildActionMask = 2147483647;
			files = (
			);
			inputFileListPaths = (
				"${PODS_ROOT}/Target Support Files/Pods-manadoPostRevamp/Pods-manadoPostRevamp-frameworks-${CONFIGURATION}-input-files.xcfilelist",
			);
			name = "[CP] Embed Pods Frameworks";
			outputFileListPaths = (
				"${PODS_ROOT}/Target Support Files/Pods-manadoPostRevamp/Pods-manadoPostRevamp-frameworks-${CONFIGURATION}-output-files.xcfilelist",
			);
			runOnlyForDeploymentPostprocessing = 0;
			shellPath = /bin/sh;
			shellScript = "\"${PODS_ROOT}/Target Support Files/Pods-manadoPostRevamp/Pods-manadoPostRevamp-frameworks.sh\"\n";
			showEnvVarsInLog = 0;
		};
		A55EABD7B0C7F3A422A6CC61 /* [CP] Check Pods Manifest.lock */ = {
			isa = PBXShellScriptBuildPhase;
			buildActionMask = 2147483647;
			files = (
			);
			inputFileListPaths = (
			);
			inputPaths = (
				"${PODS_PODFILE_DIR_PATH}/Podfile.lock",
				"${PODS_ROOT}/Manifest.lock",
			);
			name = "[CP] Check Pods Manifest.lock";
			outputFileListPaths = (
			);
			outputPaths = (
				"$(DERIVED_FILE_DIR)/Pods-manadoPostRevamp-manadoPostRevampTests-checkManifestLockResult.txt",
			);
			runOnlyForDeploymentPostprocessing = 0;
			shellPath = /bin/sh;
			shellScript = "diff \"${PODS_PODFILE_DIR_PATH}/Podfile.lock\" \"${PODS_ROOT}/Manifest.lock\" > /dev/null\nif [ $? != 0 ] ; then\n    # print error to STDERR\n    echo \"error: The sandbox is not in sync with the Podfile.lock. Run 'pod install' or update your CocoaPods installation.\" >&2\n    exit 1\nfi\n# This output is used by Xcode 'outputs' to avoid re-running this script phase.\necho \"SUCCESS\" > \"${SCRIPT_OUTPUT_FILE_0}\"\n";
			showEnvVarsInLog = 0;
		};
		C38B50BA6285516D6DCD4F65 /* [CP] Check Pods Manifest.lock */ = {
			isa = PBXShellScriptBuildPhase;
			buildActionMask = 2147483647;
			files = (
			);
			inputFileListPaths = (
			);
			inputPaths = (
				"${PODS_PODFILE_DIR_PATH}/Podfile.lock",
				"${PODS_ROOT}/Manifest.lock",
			);
			name = "[CP] Check Pods Manifest.lock";
			outputFileListPaths = (
			);
			outputPaths = (
				"$(DERIVED_FILE_DIR)/Pods-manadoPostRevamp-checkManifestLockResult.txt",
			);
			runOnlyForDeploymentPostprocessing = 0;
			shellPath = /bin/sh;
			shellScript = "diff \"${PODS_PODFILE_DIR_PATH}/Podfile.lock\" \"${PODS_ROOT}/Manifest.lock\" > /dev/null\nif [ $? != 0 ] ; then\n    # print error to STDERR\n    echo \"error: The sandbox is not in sync with the Podfile.lock. Run 'pod install' or update your CocoaPods installation.\" >&2\n    exit 1\nfi\n# This output is used by Xcode 'outputs' to avoid re-running this script phase.\necho \"SUCCESS\" > \"${SCRIPT_OUTPUT_FILE_0}\"\n";
			showEnvVarsInLog = 0;
		};
		C59DA0FBD6956966B86A3779 /* [CP] Embed Pods Frameworks */ = {
			isa = PBXShellScriptBuildPhase;
			buildActionMask = 2147483647;
			files = (
			);
			inputFileListPaths = (
				"${PODS_ROOT}/Target Support Files/Pods-manadoPostRevamp-manadoPostRevampTests/Pods-manadoPostRevamp-manadoPostRevampTests-frameworks-${CONFIGURATION}-input-files.xcfilelist",
			);
			name = "[CP] Embed Pods Frameworks";
			outputFileListPaths = (
				"${PODS_ROOT}/Target Support Files/Pods-manadoPostRevamp-manadoPostRevampTests/Pods-manadoPostRevamp-manadoPostRevampTests-frameworks-${CONFIGURATION}-output-files.xcfilelist",
			);
			runOnlyForDeploymentPostprocessing = 0;
			shellPath = /bin/sh;
			shellScript = "\"${PODS_ROOT}/Target Support Files/Pods-manadoPostRevamp-manadoPostRevampTests/Pods-manadoPostRevamp-manadoPostRevampTests-frameworks.sh\"\n";
			showEnvVarsInLog = 0;
		};
		E235C05ADACE081382539298 /* [CP] Copy Pods Resources */ = {
			isa = PBXShellScriptBuildPhase;
			buildActionMask = 2147483647;
			files = (
			);
			inputFileListPaths = (
				"${PODS_ROOT}/Target Support Files/Pods-manadoPostRevamp/Pods-manadoPostRevamp-resources-${CONFIGURATION}-input-files.xcfilelist",
			);
			name = "[CP] Copy Pods Resources";
			outputFileListPaths = (
				"${PODS_ROOT}/Target Support Files/Pods-manadoPostRevamp/Pods-manadoPostRevamp-resources-${CONFIGURATION}-output-files.xcfilelist",
			);
			runOnlyForDeploymentPostprocessing = 0;
			shellPath = /bin/sh;
			shellScript = "\"${PODS_ROOT}/Target Support Files/Pods-manadoPostRevamp/Pods-manadoPostRevamp-resources.sh\"\n";
			showEnvVarsInLog = 0;
		};
		F6A41C54EA430FDDC6A6ED99 /* [CP] Copy Pods Resources */ = {
			isa = PBXShellScriptBuildPhase;
			buildActionMask = 2147483647;
			files = (
			);
			inputFileListPaths = (
				"${PODS_ROOT}/Target Support Files/Pods-manadoPostRevamp-manadoPostRevampTests/Pods-manadoPostRevamp-manadoPostRevampTests-resources-${CONFIGURATION}-input-files.xcfilelist",
			);
			name = "[CP] Copy Pods Resources";
			outputFileListPaths = (
				"${PODS_ROOT}/Target Support Files/Pods-manadoPostRevamp-manadoPostRevampTests/Pods-manadoPostRevamp-manadoPostRevampTests-resources-${CONFIGURATION}-output-files.xcfilelist",
			);
			runOnlyForDeploymentPostprocessing = 0;
			shellPath = /bin/sh;
			shellScript = "\"${PODS_ROOT}/Target Support Files/Pods-manadoPostRevamp-manadoPostRevampTests/Pods-manadoPostRevamp-manadoPostRevampTests-resources.sh\"\n";
			showEnvVarsInLog = 0;
		};
/* End PBXShellScriptBuildPhase section */

/* Begin PBXSourcesBuildPhase section */
		00E356EA1AD99517003FC87E /* Sources */ = {
			isa = PBXSourcesBuildPhase;
			buildActionMask = 2147483647;
			files = (
				00E356F31AD99517003FC87E /* manadoPostRevampTests.m in Sources */,
			);
			runOnlyForDeploymentPostprocessing = 0;
		};
		13B07F871A680F5B00A75B9A /* Sources */ = {
			isa = PBXSourcesBuildPhase;
			buildActionMask = 2147483647;
			files = (
				13B07FBC1A68108700A75B9A /* AppDelegate.mm in Sources */,
				13B07FC11A68108700A75B9A /* main.m in Sources */,
			);
			runOnlyForDeploymentPostprocessing = 0;
		};
/* End PBXSourcesBuildPhase section */

/* Begin PBXTargetDependency section */
		00E356F51AD99517003FC87E /* PBXTargetDependency */ = {
			isa = PBXTargetDependency;
			target = 13B07F861A680F5B00A75B9A /* manadoPostRevamp */;
			targetProxy = 00E356F41AD99517003FC87E /* PBXContainerItemProxy */;
		};
/* End PBXTargetDependency section */

/* Begin XCBuildConfiguration section */
		00E356F61AD99517003FC87E /* Debug */ = {
			isa = XCBuildConfiguration;
			baseConfigurationReference = 5B7EB9410499542E8C5724F5 /* Pods-manadoPostRevamp-manadoPostRevampTests.debug.xcconfig */;
			buildSettings = {
				BUNDLE_LOADER = "$(TEST_HOST)";
				GCC_PREPROCESSOR_DEFINITIONS = (
					"DEBUG=1",
					"$(inherited)",
				);
				INFOPLIST_FILE = manadoPostRevampTests/Info.plist;
				IPHONEOS_DEPLOYMENT_TARGET = 13.4;
				LD_RUNPATH_SEARCH_PATHS = (
					"$(inherited)",
					"@executable_path/Frameworks",
					"@loader_path/Frameworks",
				);
				OTHER_LDFLAGS = (
					"-ObjC",
					"-lc++",
					"$(inherited)",
				);
				PRODUCT_BUNDLE_IDENTIFIER = "org.reactjs.native.example.$(PRODUCT_NAME:rfc1034identifier)";
				PRODUCT_NAME = "$(TARGET_NAME)";
				TEST_HOST = "$(BUILT_PRODUCTS_DIR)/manadoPostRevamp.app/manadoPostRevamp";
			};
			name = Debug;
		};
		00E356F71AD99517003FC87E /* Release */ = {
			isa = XCBuildConfiguration;
			baseConfigurationReference = 89C6BE57DB24E9ADA2F236DE /* Pods-manadoPostRevamp-manadoPostRevampTests.release.xcconfig */;
			buildSettings = {
				BUNDLE_LOADER = "$(TEST_HOST)";
				COPY_PHASE_STRIP = NO;
				INFOPLIST_FILE = manadoPostRevampTests/Info.plist;
				IPHONEOS_DEPLOYMENT_TARGET = 13.4;
				LD_RUNPATH_SEARCH_PATHS = (
					"$(inherited)",
					"@executable_path/Frameworks",
					"@loader_path/Frameworks",
				);
				OTHER_LDFLAGS = (
					"-ObjC",
					"-lc++",
					"$(inherited)",
				);
				PRODUCT_BUNDLE_IDENTIFIER = "org.reactjs.native.example.$(PRODUCT_NAME:rfc1034identifier)";
				PRODUCT_NAME = "$(TARGET_NAME)";
				TEST_HOST = "$(BUILT_PRODUCTS_DIR)/manadoPostRevamp.app/manadoPostRevamp";
			};
			name = Release;
		};
		13B07F941A680F5B00A75B9A /* Debug */ = {
			isa = XCBuildConfiguration;
			baseConfigurationReference = 3B4392A12AC88292D35C810B /* Pods-manadoPostRevamp.debug.xcconfig */;
			buildSettings = {
				ASSETCATALOG_COMPILER_APPICON_NAME = AppIcon;
				CLANG_ENABLE_MODULES = YES;
				CURRENT_PROJECT_VERSION = 1;
				ENABLE_BITCODE = NO;
				INFOPLIST_FILE = manadoPostRevamp/Info.plist;
				LD_RUNPATH_SEARCH_PATHS = (
					"$(inherited)",
					"@executable_path/Frameworks",
				);
				MARKETING_VERSION = 1.0;
				OTHER_LDFLAGS = (
					"$(inherited)",
					"-ObjC",
					"-lc++",
				);
				PRODUCT_BUNDLE_IDENTIFIER = "org.reactjs.native.example.$(PRODUCT_NAME:rfc1034identifier)";
				PRODUCT_NAME = manadoPostRevamp;
				SWIFT_OPTIMIZATION_LEVEL = "-Onone";
				SWIFT_VERSION = 5.0;
				VERSIONING_SYSTEM = "apple-generic";
			};
			name = Debug;
		};
		13B07F951A680F5B00A75B9A /* Release */ = {
			isa = XCBuildConfiguration;
			baseConfigurationReference = 5709B34CF0A7D63546082F79 /* Pods-manadoPostRevamp.release.xcconfig */;
			buildSettings = {
				ASSETCATALOG_COMPILER_APPICON_NAME = AppIcon;
				CLANG_ENABLE_MODULES = YES;
				CURRENT_PROJECT_VERSION = 1;
				INFOPLIST_FILE = manadoPostRevamp/Info.plist;
				LD_RUNPATH_SEARCH_PATHS = (
					"$(inherited)",
					"@executable_path/Frameworks",
				);
				MARKETING_VERSION = 1.0;
				OTHER_LDFLAGS = (
					"$(inherited)",
					"-ObjC",
					"-lc++",
				);
				PRODUCT_BUNDLE_IDENTIFIER = "org.reactjs.native.example.$(PRODUCT_NAME:rfc1034identifier)";
				PRODUCT_NAME = manadoPostRevamp;
				SWIFT_VERSION = 5.0;
				VERSIONING_SYSTEM = "apple-generic";
			};
			name = Release;
		};
		83CBBA201A601CBA00E9B192 /* Debug */ = {
			isa = XCBuildConfiguration;
			buildSettings = {
				ALWAYS_SEARCH_USER_PATHS = NO;
				CLANG_ANALYZER_LOCALIZABILITY_NONLOCALIZED = YES;
				CLANG_CXX_LANGUAGE_STANDARD = "c++20";
				CLANG_CXX_LIBRARY = "libc++";
				CLANG_ENABLE_MODULES = YES;
				CLANG_ENABLE_OBJC_ARC = YES;
				CLANG_WARN_BLOCK_CAPTURE_AUTORELEASING = YES;
				CLANG_WARN_BOOL_CONVERSION = YES;
				CLANG_WARN_COMMA = YES;
				CLANG_WARN_CONSTANT_CONVERSION = YES;
				CLANG_WARN_DEPRECATED_OBJC_IMPLEMENTATIONS = YES;
				CLANG_WARN_DIRECT_OBJC_ISA_USAGE = YES_ERROR;
				CLANG_WARN_EMPTY_BODY = YES;
				CLANG_WARN_ENUM_CONVERSION = YES;
				CLANG_WARN_INFINITE_RECURSION = YES;
				CLANG_WARN_INT_CONVERSION = YES;
				CLANG_WARN_NON_LITERAL_NULL_CONVERSION = YES;
				CLANG_WARN_OBJC_IMPLICIT_RETAIN_SELF = YES;
				CLANG_WARN_OBJC_LITERAL_CONVERSION = YES;
				CLANG_WARN_OBJC_ROOT_CLASS = YES_ERROR;
				CLANG_WARN_QUOTED_INCLUDE_IN_FRAMEWORK_HEADER = YES;
				CLANG_WARN_RANGE_LOOP_ANALYSIS = YES;
				CLANG_WARN_STRICT_PROTOTYPES = YES;
				CLANG_WARN_SUSPICIOUS_MOVE = YES;
				CLANG_WARN_UNREACHABLE_CODE = YES;
				CLANG_WARN__DUPLICATE_METHOD_MATCH = YES;
				"CODE_SIGN_IDENTITY[sdk=iphoneos*]" = "iPhone Developer";
				COPY_PHASE_STRIP = NO;
				ENABLE_STRICT_OBJC_MSGSEND = YES;
				ENABLE_TESTABILITY = YES;
				"EXCLUDED_ARCHS[sdk=iphonesimulator*]" = "";
				GCC_C_LANGUAGE_STANDARD = gnu99;
				GCC_DYNAMIC_NO_PIC = NO;
				GCC_NO_COMMON_BLOCKS = YES;
				GCC_OPTIMIZATION_LEVEL = 0;
				GCC_PREPROCESSOR_DEFINITIONS = (
					"DEBUG=1",
					"$(inherited)",
				);
				GCC_SYMBOLS_PRIVATE_EXTERN = NO;
				GCC_WARN_64_TO_32_BIT_CONVERSION = YES;
				GCC_WARN_ABOUT_RETURN_TYPE = YES_ERROR;
				GCC_WARN_UNDECLARED_SELECTOR = YES;
				GCC_WARN_UNINITIALIZED_AUTOS = YES_AGGRESSIVE;
				GCC_WARN_UNUSED_FUNCTION = YES;
				GCC_WARN_UNUSED_VARIABLE = YES;
				IPHONEOS_DEPLOYMENT_TARGET = 13.4;
				LD_RUNPATH_SEARCH_PATHS = (
					/usr/lib/swift,
					"$(inherited)",
				);
				LIBRARY_SEARCH_PATHS = (
					"\"$(SDKROOT)/usr/lib/swift\"",
					"\"$(TOOLCHAIN_DIR)/usr/lib/swift/$(PLATFORM_NAME)\"",
					"\"$(inherited)\"",
				);
				MTL_ENABLE_DEBUG_INFO = YES;
				ONLY_ACTIVE_ARCH = YES;
				OTHER_CPLUSPLUSFLAGS = (
					"$(OTHER_CFLAGS)",
					"-DFOLLY_NO_CONFIG",
					"-DFOLLY_MOBILE=1",
					"-DFOLLY_USE_LIBCPP=1",
					"-DFOLLY_CFG_NO_COROUTINES=1",
					"-DFOLLY_HAVE_CLOCK_GETTIME=1",
				);
				SDKROOT = iphoneos;
			};
			name = Debug;
		};
		83CBBA211A601CBA00E9B192 /* Release */ = {
			isa = XCBuildConfiguration;
			buildSettings = {
				ALWAYS_SEARCH_USER_PATHS = NO;
				CLANG_ANALYZER_LOCALIZABILITY_NONLOCALIZED = YES;
				CLANG_CXX_LANGUAGE_STANDARD = "c++20";
				CLANG_CXX_LIBRARY = "libc++";
				CLANG_ENABLE_MODULES = YES;
				CLANG_ENABLE_OBJC_ARC = YES;
				CLANG_WARN_BLOCK_CAPTURE_AUTORELEASING = YES;
				CLANG_WARN_BOOL_CONVERSION = YES;
				CLANG_WARN_COMMA = YES;
				CLANG_WARN_CONSTANT_CONVERSION = YES;
				CLANG_WARN_DEPRECATED_OBJC_IMPLEMENTATIONS = YES;
				CLANG_WARN_DIRECT_OBJC_ISA_USAGE = YES_ERROR;
				CLANG_WARN_EMPTY_BODY = YES;
				CLANG_WARN_ENUM_CONVERSION = YES;
				CLANG_WARN_INFINITE_RECURSION = YES;
				CLANG_WARN_INT_CONVERSION = YES;
				CLANG_WARN_NON_LITERAL_NULL_CONVERSION = YES;
				CLANG_WARN_OBJC_IMPLICIT_RETAIN_SELF = YES;
				CLANG_WARN_OBJC_LITERAL_CONVERSION = YES;
				CLANG_WARN_OBJC_ROOT_CLASS = YES_ERROR;
				CLANG_WARN_QUOTED_INCLUDE_IN_FRAMEWORK_HEADER = YES;
				CLANG_WARN_RANGE_LOOP_ANALYSIS = YES;
				CLANG_WARN_STRICT_PROTOTYPES = YES;
				CLANG_WARN_SUSPICIOUS_MOVE = YES;
				CLANG_WARN_UNREACHABLE_CODE = YES;
				CLANG_WARN__DUPLICATE_METHOD_MATCH = YES;
				"CODE_SIGN_IDENTITY[sdk=iphoneos*]" = "iPhone Developer";
				COPY_PHASE_STRIP = YES;
				ENABLE_NS_ASSERTIONS = NO;
				ENABLE_STRICT_OBJC_MSGSEND = YES;
				"EXCLUDED_ARCHS[sdk=iphonesimulator*]" = "";
				GCC_C_LANGUAGE_STANDARD = gnu99;
				GCC_NO_COMMON_BLOCKS = YES;
				GCC_WARN_64_TO_32_BIT_CONVERSION = YES;
				GCC_WARN_ABOUT_RETURN_TYPE = YES_ERROR;
				GCC_WARN_UNDECLARED_SELECTOR = YES;
				GCC_WARN_UNINITIALIZED_AUTOS = YES_AGGRESSIVE;
				GCC_WARN_UNUSED_FUNCTION = YES;
				GCC_WARN_UNUSED_VARIABLE = YES;
				IPHONEOS_DEPLOYMENT_TARGET = 13.4;
				LD_RUNPATH_SEARCH_PATHS = (
					/usr/lib/swift,
					"$(inherited)",
				);
				LIBRARY_SEARCH_PATHS = (
					"\"$(SDKROOT)/usr/lib/swift\"",
					"\"$(TOOLCHAIN_DIR)/usr/lib/swift/$(PLATFORM_NAME)\"",
					"\"$(inherited)\"",
				);
				MTL_ENABLE_DEBUG_INFO = NO;
				OTHER_CPLUSPLUSFLAGS = (
					"$(OTHER_CFLAGS)",
					"-DFOLLY_NO_CONFIG",
					"-DFOLLY_MOBILE=1",
					"-DFOLLY_USE_LIBCPP=1",
					"-DFOLLY_CFG_NO_COROUTINES=1",
					"-DFOLLY_HAVE_CLOCK_GETTIME=1",
				);
				SDKROOT = iphoneos;
				VALIDATE_PRODUCT = YES;
			};
			name = Release;
		};
/* End XCBuildConfiguration section */

/* Begin XCConfigurationList section */
		00E357021AD99517003FC87E /* Build configuration list for PBXNativeTarget "manadoPostRevampTests" */ = {
			isa = XCConfigurationList;
			buildConfigurations = (
				00E356F61AD99517003FC87E /* Debug */,
				00E356F71AD99517003FC87E /* Release */,
			);
			defaultConfigurationIsVisible = 0;
			defaultConfigurationName = Release;
		};
		13B07F931A680F5B00A75B9A /* Build configuration list for PBXNativeTarget "manadoPostRevamp" */ = {
			isa = XCConfigurationList;
			buildConfigurations = (
				13B07F941A680F5B00A75B9A /* Debug */,
				13B07F951A680F5B00A75B9A /* Release */,
			);
			defaultConfigurationIsVisible = 0;
			defaultConfigurationName = Release;
		};
		83CBB9FA1A601CBA00E9B192 /* Build configuration list for PBXProject "manadoPostRevamp" */ = {
			isa = XCConfigurationList;
			buildConfigurations = (
				83CBBA201A601CBA00E9B192 /* Debug */,
				83CBBA211A601CBA00E9B192 /* Release */,
			);
			defaultConfigurationIsVisible = 0;
			defaultConfigurationName = Release;
		};
/* End XCConfigurationList section */
	};
	rootObject = 83CBB9F71A601CBA00E9B192 /* Project object */;
}
